{
    "_meta": {
        "hash": {
            "sha256": "d625689b83144de1d1b4ab14762ca81e17a75cd3d23011f37dde4674dd594917"
        },
        "pipfile-spec": 6,
        "requires": {
            "python_version": "3.9"
        },
        "sources": [
            {
                "name": "pypi",
                "url": "https://pypi.org/simple",
                "verify_ssl": true
            }
        ]
    },
    "default": {
        "getmac": {
            "hashes": [
                "sha256:6e38f9023b9792f53ef982cce6be65d84fea656be87100ab2f2d0376563af486",
                "sha256:95f5cbdf521a1045e3073f546a523d2adb2933f2ce647450c0a4b5c358ca85ca"
            ],
            "index": "pypi",
            "version": "==0.8.3"
        },
        "scapy": {
            "hashes": [
                "sha256:bc707e3604784496b6665a9e5b2a69c36cc9fb032af4864b29051531b24c8593"
            ],
            "index": "pypi",
            "version": "==2.4.5"
        }
    },
    "develop": {}
}
